// !$*UTF8*$!
{
	archiveVersion = 1;
	classes = {
	};
	objectVersion = 77;
	objects = {

/* Begin PBXContainerItemProxy section */
		8E00C7212D9F3E0000C5608E /* PBXContainerItemProxy */ = {
			isa = PBXContainerItemProxy;
			containerPortal = 8E00C7082D9F3DFE00C5608E /* Project object */;
			proxyType = 1;
			remoteGlobalIDString = 8E00C70F2D9F3DFE00C5608E;
			remoteInfo = ReFrameU;
		};
		8E00C72B2D9F3E0000C5608E /* PBXContainerItemProxy */ = {
			isa = PBXContainerItemProxy;
			containerPortal = 8E00C7082D9F3DFE00C5608E /* Project object */;
			proxyType = 1;
			remoteGlobalIDString = 8E00C70F2D9F3DFE00C5608E;
			remoteInfo = ReFrameU;
		};
/* End PBXContainerItemProxy section */

/* Begin PBXFileReference section */
		8E00C7102D9F3DFE00C5608E /* ReFrameU.app */ = {isa = PBXFileReference; explicitFileType = wrapper.application; includeInIndex = 0; path = ReFrameU.app; sourceTree = BUILT_PRODUCTS_DIR; };
		8E00C7202D9F3E0000C5608E /* ReFrameUTests.xctest */ = {isa = PBXFileReference; explicitFileType = wrapper.cfbundle; includeInIndex = 0; path = ReFrameUTests.xctest; sourceTree = BUILT_PRODUCTS_DIR; };
		8E00C72A2D9F3E0000C5608E /* ReFrameUUITests.xctest */ = {isa = PBXFileReference; explicitFileType = wrapper.cfbundle; includeInIndex = 0; path = ReFrameUUITests.xctest; sourceTree = BUILT_PRODUCTS_DIR; };
/* End PBXFileReference section */

/* Begin PBXFileSystemSynchronizedRootGroup section */
		8E00C7122D9F3DFE00C5608E /* ReFrameU */ = {
			isa = PBXFileSystemSynchronizedRootGroup;
			path = ReFrameU;
			sourceTree = "<group>";
		};
		8E00C7232D9F3E0000C5608E /* ReFrameUTests */ = {
			isa = PBXFileSystemSynchronizedRootGroup;
			path = ReFrameUTests;
			sourceTree = "<group>";
		};
		8E00C72D2D9F3E0000C5608E /* ReFrameUUITests */ = {
			isa = PBXFileSystemSynchronizedRootGroup;
			path = ReFrameUUITests;
			sourceTree = "<group>";
		};
/* End PBXFileSystemSynchronizedRootGroup section */

/* Begin PBXFrameworksBuildPhase section */
		8E00C70D2D9F3DFE00C5608E /* Frameworks */ = {
			isa = PBXFrameworksBuildPhase;
			buildActionMask = 2147483647;
			files = (
			);
			runOnlyForDeploymentPostprocessing = 0;
		};
		8E00C71D2D9F3E0000C5608E /* Frameworks */ = {
			isa = PBXFrameworksBuildPhase;
			buildActionMask = 2147483647;
			files = (
			);
			runOnlyForDeploymentPostprocessing = 0;
		};
		8E00C7272D9F3E0000C5608E /* Frameworks */ = {
			isa = PBXFrameworksBuildPhase;
			buildActionMask = 2147483647;
			files = (
			);
			runOnlyForDeploymentPostprocessing = 0;
		};
/* End PBXFrameworksBuildPhase section */

/* Begin PBXGroup section */
		8E00C7072D9F3DFE00C5608E = {
			isa = PBXGroup;
			children = (
				8E00C7122D9F3DFE00C5608E /* ReFrameU */,
				8E00C7232D9F3E0000C5608E /* ReFrameUTests */,
				8E00C72D2D9F3E0000C5608E /* ReFrameUUITests */,
				8E00C7112D9F3DFE00C5608E /* Products */,
			);
			sourceTree = "<group>";
		};
		8E00C7112D9F3DFE00C5608E /* Products */ = {
			isa = PBXGroup;
			children = (
				8E00C7102D9F3DFE00C5608E /* ReFrameU.app */,
				8E00C7202D9F3E0000C5608E /* ReFrameUTests.xctest */,
				8E00C72A2D9F3E0000C5608E /* ReFrameUUITests.xctest */,
			);
			name = Products;
			sourceTree = "<group>";
		};
/* End PBXGroup section */

/* Begin PBXNativeTarget section */
		8E00C70F2D9F3DFE00C5608E /* ReFrameU */ = {
			isa = PBXNativeTarget;
			buildConfigurationList = 8E00C7342D9F3E0000C5608E /* Build configuration list for PBXNativeTarget "ReFrameU" */;
			buildPhases = (
				8E00C70C2D9F3DFE00C5608E /* Sources */,
				8E00C70D2D9F3DFE00C5608E /* Frameworks */,
				8E00C70E2D9F3DFE00C5608E /* Resources */,
			);
			buildRules = (
			);
			dependencies = (
			);
			fileSystemSynchronizedGroups = (
				8E00C7122D9F3DFE00C5608E /* ReFrameU */,
			);
			name = ReFrameU;
			packageProductDependencies = (
			);
			productName = ReFrameU;
			productReference = 8E00C7102D9F3DFE00C5608E /* ReFrameU.app */;
			productType = "com.apple.product-type.application";
		};
		8E00C71F2D9F3E0000C5608E /* ReFrameUTests */ = {
			isa = PBXNativeTarget;
			buildConfigurationList = 8E00C7372D9F3E0000C5608E /* Build configuration list for PBXNativeTarget "ReFrameUTests" */;
			buildPhases = (
				8E00C71C2D9F3E0000C5608E /* Sources */,
				8E00C71D2D9F3E0000C5608E /* Frameworks */,
				8E00C71E2D9F3E0000C5608E /* Resources */,
			);
			buildRules = (
			);
			dependencies = (
				8E00C7222D9F3E0000C5608E /* PBXTargetDependency */,
			);
			fileSystemSynchronizedGroups = (
				8E00C7232D9F3E0000C5608E /* ReFrameUTests */,
			);
			name = ReFrameUTests;
			packageProductDependencies = (
			);
			productName = ReFrameUTests;
			productReference = 8E00C7202D9F3E0000C5608E /* ReFrameUTests.xctest */;
			productType = "com.apple.product-type.bundle.unit-test";
		};
		8E00C7292D9F3E0000C5608E /* ReFrameUUITests */ = {
			isa = PBXNativeTarget;
			buildConfigurationList = 8E00C73A2D9F3E0000C5608E /* Build configuration list for PBXNativeTarget "ReFrameUUITests" */;
			buildPhases = (
				8E00C7262D9F3E0000C5608E /* Sources */,
				8E00C7272D9F3E0000C5608E /* Frameworks */,
				8E00C7282D9F3E0000C5608E /* Resources */,
			);
			buildRules = (
			);
			dependencies = (
				8E00C72C2D9F3E0000C5608E /* PBXTargetDependency */,
			);
			fileSystemSynchronizedGroups = (
				8E00C72D2D9F3E0000C5608E /* ReFrameUUITests */,
			);
			name = ReFrameUUITests;
			packageProductDependencies = (
			);
			productName = ReFrameUUITests;
			productReference = 8E00C72A2D9F3E0000C5608E /* ReFrameUUITests.xctest */;
			productType = "com.apple.product-type.bundle.ui-testing";
		};
/* End PBXNativeTarget section */

/* Begin PBXProject section */
		8E00C7082D9F3DFE00C5608E /* Project object */ = {
			isa = PBXProject;
			attributes = {
				BuildIndependentTargetsInParallel = 1;
				LastSwiftUpdateCheck = 1620;
				LastUpgradeCheck = 1620;
				TargetAttributes = {
					8E00C70F2D9F3DFE00C5608E = {
						CreatedOnToolsVersion = 16.2;
					};
					8E00C71F2D9F3E0000C5608E = {
						CreatedOnToolsVersion = 16.2;
						TestTargetID = 8E00C70F2D9F3DFE00C5608E;
					};
					8E00C7292D9F3E0000C5608E = {
						CreatedOnToolsVersion = 16.2;
						TestTargetID = 8E00C70F2D9F3DFE00C5608E;
					};
				};
			};
			buildConfigurationList = 8E00C70B2D9F3DFE00C5608E /* Build configuration list for PBXProject "ReFrameU" */;
			developmentRegion = en;
			hasScannedForEncodings = 0;
			knownRegions = (
				en,
				Base,
			);
			mainGroup = 8E00C7072D9F3DFE00C5608E;
			minimizedProjectReferenceProxies = 1;
			preferredProjectObjectVersion = 77;
			productRefGroup = 8E00C7112D9F3DFE00C5608E /* Products */;
			projectDirPath = "";
			projectRoot = "";
			targets = (
				8E00C70F2D9F3DFE00C5608E /* ReFrameU */,
				8E00C71F2D9F3E0000C5608E /* ReFrameUTests */,
				8E00C7292D9F3E0000C5608E /* ReFrameUUITests */,
			);
		};
/* End PBXProject section */

/* Begin PBXResourcesBuildPhase section */
		8E00C70E2D9F3DFE00C5608E /* Resources */ = {
			isa = PBXResourcesBuildPhase;
			buildActionMask = 2147483647;
			files = (
			);
			runOnlyForDeploymentPostprocessing = 0;
		};
		8E00C71E2D9F3E0000C5608E /* Resources */ = {
			isa = PBXResourcesBuildPhase;
			buildActionMask = 2147483647;
			files = (
			);
			runOnlyForDeploymentPostprocessing = 0;
		};
		8E00C7282D9F3E0000C5608E /* Resources */ = {
			isa = PBXResourcesBuildPhase;
			buildActionMask = 2147483647;
			files = (
			);
			runOnlyForDeploymentPostprocessing = 0;
		};
/* End PBXResourcesBuildPhase section */

/* Begin PBXSourcesBuildPhase section */
		8E00C70C2D9F3DFE00C5608E /* Sources */ = {
			isa = PBXSourcesBuildPhase;
			buildActionMask = 2147483647;
			files = (
			);
			runOnlyForDeploymentPostprocessing = 0;
		};
		8E00C71C2D9F3E0000C5608E /* Sources */ = {
			isa = PBXSourcesBuildPhase;
			buildActionMask = 2147483647;
			files = (
			);
			runOnlyForDeploymentPostprocessing = 0;
		};
		8E00C7262D9F3E0000C5608E /* Sources */ = {
			isa = PBXSourcesBuildPhase;
			buildActionMask = 2147483647;
			files = (
			);
			runOnlyForDeploymentPostprocessing = 0;
		};
/* End PBXSourcesBuildPhase section */

/* Begin PBXTargetDependency section */
		8E00C7222D9F3E0000C5608E /* PBXTargetDependency */ = {
			isa = PBXTargetDependency;
			target = 8E00C70F2D9F3DFE00C5608E /* ReFrameU */;
			targetProxy = 8E00C7212D9F3E0000C5608E /* PBXContainerItemProxy */;
		};
		8E00C72C2D9F3E0000C5608E /* PBXTargetDependency */ = {
			isa = PBXTargetDependency;
			target = 8E00C70F2D9F3DFE00C5608E /* ReFrameU */;
			targetProxy = 8E00C72B2D9F3E0000C5608E /* PBXContainerItemProxy */;
		};
/* End PBXTargetDependency section */

/* Begin XCBuildConfiguration section */
		8E00C7322D9F3E0000C5608E /* Debug */ = {
			isa = XCBuildConfiguration;
			buildSettings = {
				ALWAYS_SEARCH_USER_PATHS = NO;
				ASSETCATALOG_COMPILER_GENERATE_SWIFT_ASSET_SYMBOL_EXTENSIONS = YES;
				CLANG_ANALYZER_NONNULL = YES;
				CLANG_ANALYZER_NUMBER_OBJECT_CONVERSION = YES_AGGRESSIVE;
				CLANG_CXX_LANGUAGE_STANDARD = "gnu++20";
				CLANG_ENABLE_MODULES = YES;
				CLANG_ENABLE_OBJC_ARC = YES;
				CLANG_ENABLE_OBJC_WEAK = YES;
				CLANG_WARN_BLOCK_CAPTURE_AUTORELEASING = YES;
				CLANG_WARN_BOOL_CONVERSION = YES;
				CLANG_WARN_COMMA = YES;
				CLANG_WARN_CONSTANT_CONVERSION = YES;
				CLANG_WARN_DEPRECATED_OBJC_IMPLEMENTATIONS = YES;
				CLANG_WARN_DIRECT_OBJC_ISA_USAGE = YES_ERROR;
				CLANG_WARN_DOCUMENTATION_COMMENTS = YES;
				CLANG_WARN_EMPTY_BODY = YES;
				CLANG_WARN_ENUM_CONVERSION = YES;
				CLANG_WARN_INFINITE_RECURSION = YES;
				CLANG_WARN_INT_CONVERSION = YES;
				CLANG_WARN_NON_LITERAL_NULL_CONVERSION = YES;
				CLANG_WARN_OBJC_IMPLICIT_RETAIN_SELF = YES;
				CLANG_WARN_OBJC_LITERAL_CONVERSION = YES;
				CLANG_WARN_OBJC_ROOT_CLASS = YES_ERROR;
				CLANG_WARN_QUOTED_INCLUDE_IN_FRAMEWORK_HEADER = YES;
				CLANG_WARN_RANGE_LOOP_ANALYSIS = YES;
				CLANG_WARN_STRICT_PROTOTYPES = YES;
				CLANG_WARN_SUSPICIOUS_MOVE = YES;
				CLANG_WARN_UNGUARDED_AVAILABILITY = YES_AGGRESSIVE;
				CLANG_WARN_UNREACHABLE_CODE = YES;
				CLANG_WARN__DUPLICATE_METHOD_MATCH = YES;
				COPY_PHASE_STRIP = NO;
				DEBUG_INFORMATION_FORMAT = dwarf;
				ENABLE_STRICT_OBJC_MSGSEND = YES;
				ENABLE_TESTABILITY = YES;
				ENABLE_USER_SCRIPT_SANDBOXING = YES;
				GCC_C_LANGUAGE_STANDARD = gnu17;
				GCC_DYNAMIC_NO_PIC = NO;
				GCC_NO_COMMON_BLOCKS = YES;
				GCC_OPTIMIZATION_LEVEL = 0;
				GCC_PREPROCESSOR_DEFINITIONS = (
					"DEBUG=1",
					"$(inherited)",
				);
				GCC_WARN_64_TO_32_BIT_CONVERSION = YES;
				GCC_WARN_ABOUT_RETURN_TYPE = YES_ERROR;
				GCC_WARN_UNDECLARED_SELECTOR = YES;
				GCC_WARN_UNINITIALIZED_AUTOS = YES_AGGRESSIVE;
				GCC_WARN_UNUSED_FUNCTION = YES;
				GCC_WARN_UNUSED_VARIABLE = YES;
				IPHONEOS_DEPLOYMENT_TARGET = 18.2;
				LOCALIZATION_PREFERS_STRING_CATALOGS = YES;
				MTL_ENABLE_DEBUG_INFO = INCLUDE_SOURCE;
				MTL_FAST_MATH = YES;
				ONLY_ACTIVE_ARCH = YES;
				SDKROOT = iphoneos;
				SWIFT_ACTIVE_COMPILATION_CONDITIONS = "DEBUG $(inherited)";
				SWIFT_OPTIMIZATION_LEVEL = "-Onone";
			};
			name = Debug;
		};
		8E00C7332D9F3E0000C5608E /* Release */ = {
			isa = XCBuildConfiguration;
			buildSettings = {
				ALWAYS_SEARCH_USER_PATHS = NO;
				ASSETCATALOG_COMPILER_GENERATE_SWIFT_ASSET_SYMBOL_EXTENSIONS = YES;
				CLANG_ANALYZER_NONNULL = YES;
				CLANG_ANALYZER_NUMBER_OBJECT_CONVERSION = YES_AGGRESSIVE;
				CLANG_CXX_LANGUAGE_STANDARD = "gnu++20";
				CLANG_ENABLE_MODULES = YES;
				CLANG_ENABLE_OBJC_ARC = YES;
				CLANG_ENABLE_OBJC_WEAK = YES;
				CLANG_WARN_BLOCK_CAPTURE_AUTORELEASING = YES;
				CLANG_WARN_BOOL_CONVERSION = YES;
				CLANG_WARN_COMMA = YES;
				CLANG_WARN_CONSTANT_CONVERSION = YES;
				CLANG_WARN_DEPRECATED_OBJC_IMPLEMENTATIONS = YES;
				CLANG_WARN_DIRECT_OBJC_ISA_USAGE = YES_ERROR;
				CLANG_WARN_DOCUMENTATION_COMMENTS = YES;
				CLANG_WARN_EMPTY_BODY = YES;
				CLANG_WARN_ENUM_CONVERSION = YES;
				CLANG_WARN_INFINITE_RECURSION = YES;
				CLANG_WARN_INT_CONVERSION = YES;
				CLANG_WARN_NON_LITERAL_NULL_CONVERSION = YES;
				CLANG_WARN_OBJC_IMPLICIT_RETAIN_SELF = YES;
				CLANG_WARN_OBJC_LITERAL_CONVERSION = YES;
				CLANG_WARN_OBJC_ROOT_CLASS = YES_ERROR;
				CLANG_WARN_QUOTED_INCLUDE_IN_FRAMEWORK_HEADER = YES;
				CLANG_WARN_RANGE_LOOP_ANALYSIS = YES;
				CLANG_WARN_STRICT_PROTOTYPES = YES;
				CLANG_WARN_SUSPICIOUS_MOVE = YES;
				CLANG_WARN_UNGUARDED_AVAILABILITY = YES_AGGRESSIVE;
				CLANG_WARN_UNREACHABLE_CODE = YES;
				CLANG_WARN__DUPLICATE_METHOD_MATCH = YES;
				COPY_PHASE_STRIP = NO;
				DEBUG_INFORMATION_FORMAT = "dwarf-with-dsym";
				ENABLE_NS_ASSERTIONS = NO;
				ENABLE_STRICT_OBJC_MSGSEND = YES;
				ENABLE_USER_SCRIPT_SANDBOXING = YES;
				GCC_C_LANGUAGE_STANDARD = gnu17;
				GCC_NO_COMMON_BLOCKS = YES;
				GCC_WARN_64_TO_32_BIT_CONVERSION = YES;
				GCC_WARN_ABOUT_RETURN_TYPE = YES_ERROR;
				GCC_WARN_UNDECLARED_SELECTOR = YES;
				GCC_WARN_UNINITIALIZED_AUTOS = YES_AGGRESSIVE;
				GCC_WARN_UNUSED_FUNCTION = YES;
				GCC_WARN_UNUSED_VARIABLE = YES;
				IPHONEOS_DEPLOYMENT_TARGET = 18.2;
				LOCALIZATION_PREFERS_STRING_CATALOGS = YES;
				MTL_ENABLE_DEBUG_INFO = NO;
				MTL_FAST_MATH = YES;
				SDKROOT = iphoneos;
				SWIFT_COMPILATION_MODE = wholemodule;
				VALIDATE_PRODUCT = YES;
			};
			name = Release;
		};
		8E00C7352D9F3E0000C5608E /* Debug */ = {
			isa = XCBuildConfiguration;
			buildSettings = {
				ASSETCATALOG_COMPILER_APPICON_NAME = AppIcon;
				ASSETCATALOG_COMPILER_GLOBAL_ACCENT_COLOR_NAME = AccentColor;
				CODE_SIGN_STYLE = Automatic;
				CURRENT_PROJECT_VERSION = 1;
				DEVELOPMENT_ASSET_PATHS = "\"ReFrameU/Preview Content\"";
				DEVELOPMENT_TEAM = LYHQVVG7S9;
				ENABLE_PREVIEWS = YES;
				GENERATE_INFOPLIST_FILE = YES;
				INFOPLIST_KEY_UIApplicationSceneManifest_Generation = YES;
				INFOPLIST_KEY_UIApplicationSupportsIndirectInputEvents = YES;
				INFOPLIST_KEY_UILaunchScreen_Generation = YES;
				INFOPLIST_KEY_UISupportedInterfaceOrientations_iPad = "UIInterfaceOrientationPortrait UIInterfaceOrientationPortraitUpsideDown UIInterfaceOrientationLandscapeLeft UIInterfaceOrientationLandscapeRight";
				INFOPLIST_KEY_UISupportedInterfaceOrientations_iPhone = "UIInterfaceOrientationPortrait UIInterfaceOrientationLandscapeLeft UIInterfaceOrientationLandscapeRight";
				LD_RUNPATH_SEARCH_PATHS = (
					"$(inherited)",
					"@executable_path/Frameworks",
				);
				MARKETING_VERSION = 1.0;
				PRODUCT_BUNDLE_IDENTIFIER = com.vaishnavimahajan.ReFrameU;
				PRODUCT_NAME = "$(TARGET_NAME)";
				SWIFT_EMIT_LOC_STRINGS = YES;
				SWIFT_VERSION = 5.0;
				TARGETED_DEVICE_FAMILY = "1,2";
			};
			name = Debug;
		};
		8E00C7362D9F3E0000C5608E /* Release */ = {
			isa = XCBuildConfiguration;
			buildSettings = {
				ASSETCATALOG_COMPILER_APPICON_NAME = AppIcon;
				ASSETCATALOG_COMPILER_GLOBAL_ACCENT_COLOR_NAME = AccentColor;
				CODE_SIGN_STYLE = Automatic;
				CURRENT_PROJECT_VERSION = 1;
				DEVELOPMENT_ASSET_PATHS = "\"ReFrameU/Preview Content\"";
				DEVELOPMENT_TEAM = LYHQVVG7S9;
				ENABLE_PREVIEWS = YES;
				GENERATE_INFOPLIST_FILE = YES;
				INFOPLIST_KEY_UIApplicationSceneManifest_Generation = YES;
				INFOPLIST_KEY_UIApplicationSupportsIndirectInputEvents = YES;
				INFOPLIST_KEY_UILaunchScreen_Generation = YES;
				INFOPLIST_KEY_UISupportedInterfaceOrientations_iPad = "UIInterfaceOrientationPortrait UIInterfaceOrientationPortraitUpsideDown UIInterfaceOrientationLandscapeLeft UIInterfaceOrientationLandscapeRight";
				INFOPLIST_KEY_UISupportedInterfaceOrientations_iPhone = "UIInterfaceOrientationPortrait UIInterfaceOrientationLandscapeLeft UIInterfaceOrientationLandscapeRight";
				LD_RUNPATH_SEARCH_PATHS = (
					"$(inherited)",
					"@executable_path/Frameworks",
				);
				MARKETING_VERSION = 1.0;
				PRODUCT_BUNDLE_IDENTIFIER = com.vaishnavimahajan.ReFrameU;
				PRODUCT_NAME = "$(TARGET_NAME)";
				SWIFT_EMIT_LOC_STRINGS = YES;
				SWIFT_VERSION = 5.0;
				TARGETED_DEVICE_FAMILY = "1,2";
			};
			name = Release;
		};
		8E00C7382D9F3E0000C5608E /* Debug */ = {
			isa = XCBuildConfiguration;
			buildSettings = {
				BUNDLE_LOADER = "$(TEST_HOST)";
				CODE_SIGN_STYLE = Automatic;
				CURRENT_PROJECT_VERSION = 1;
				GENERATE_INFOPLIST_FILE = YES;
				IPHONEOS_DEPLOYMENT_TARGET = 18.2;
				MARKETING_VERSION = 1.0;
				PRODUCT_BUNDLE_IDENTIFIER = com.vaishnavimahajan.ReFrameUTests;
				PRODUCT_NAME = "$(TARGET_NAME)";
				SWIFT_EMIT_LOC_STRINGS = NO;
				SWIFT_VERSION = 5.0;
				TARGETED_DEVICE_FAMILY = "1,2";
				TEST_HOST = "$(BUILT_PRODUCTS_DIR)/ReFrameU.app/$(BUNDLE_EXECUTABLE_FOLDER_PATH)/ReFrameU";
			};
			name = Debug;
		};
		8E00C7392D9F3E0000C5608E /* Release */ = {
			isa = XCBuildConfiguration;
			buildSettings = {
				BUNDLE_LOADER = "$(TEST_HOST)";
				CODE_SIGN_STYLE = Automatic;
				CURRENT_PROJECT_VERSION = 1;
				GENERATE_INFOPLIST_FILE = YES;
				IPHONEOS_DEPLOYMENT_TARGET = 18.2;
				MARKETING_VERSION = 1.0;
				PRODUCT_BUNDLE_IDENTIFIER = com.vaishnavimahajan.ReFrameUTests;
				PRODUCT_NAME = "$(TARGET_NAME)";
				SWIFT_EMIT_LOC_STRINGS = NO;
				SWIFT_VERSION = 5.0;
				TARGETED_DEVICE_FAMILY = "1,2";
				TEST_HOST = "$(BUILT_PRODUCTS_DIR)/ReFrameU.app/$(BUNDLE_EXECUTABLE_FOLDER_PATH)/ReFrameU";
			};
			name = Release;
		};
		8E00C73B2D9F3E0000C5608E /* Debug */ = {
			isa = XCBuildConfiguration;
			buildSettings = {
				CODE_SIGN_STYLE = Automatic;
				CURRENT_PROJECT_VERSION = 1;
				GENERATE_INFOPLIST_FILE = YES;
				MARKETING_VERSION = 1.0;
				PRODUCT_BUNDLE_IDENTIFIER = com.vaishnavimahajan.ReFrameUUITests;
				PRODUCT_NAME = "$(TARGET_NAME)";
				SWIFT_EMIT_LOC_STRINGS = NO;
				SWIFT_VERSION = 5.0;
				TARGETED_DEVICE_FAMILY = "1,2";
				TEST_TARGET_NAME = ReFrameU;
			};
			name = Debug;
		};
		8E00C73C2D9F3E0000C5608E /* Release */ = {
			isa = XCBuildConfiguration;
			buildSettings = {
				CODE_SIGN_STYLE = Automatic;
				CURRENT_PROJECT_VERSION = 1;
				GENERATE_INFOPLIST_FILE = YES;
				MARKETING_VERSION = 1.0;
				PRODUCT_BUNDLE_IDENTIFIER = com.vaishnavimahajan.ReFrameUUITests;
				PRODUCT_NAME = "$(TARGET_NAME)";
				SWIFT_EMIT_LOC_STRINGS = NO;
				SWIFT_VERSION = 5.0;
				TARGETED_DEVICE_FAMILY = "1,2";
				TEST_TARGET_NAME = ReFrameU;
			};
			name = Release;
		};
/* End XCBuildConfiguration section */

/* Begin XCConfigurationList section */
		8E00C70B2D9F3DFE00C5608E /* Build configuration list for PBXProject "ReFrameU" */ = {
			isa = XCConfigurationList;
			buildConfigurations = (
				8E00C7322D9F3E0000C5608E /* Debug */,
				8E00C7332D9F3E0000C5608E /* Release */,
			);
			defaultConfigurationIsVisible = 0;
			defaultConfigurationName = Release;
		};
		8E00C7342D9F3E0000C5608E /* Build configuration list for PBXNativeTarget "ReFrameU" */ = {
			isa = XCConfigurationList;
			buildConfigurations = (
				8E00C7352D9F3E0000C5608E /* Debug */,
				8E00C7362D9F3E0000C5608E /* Release */,
			);
			defaultConfigurationIsVisible = 0;
			defaultConfigurationName = Release;
		};
		8E00C7372D9F3E0000C5608E /* Build configuration list for PBXNativeTarget "ReFrameUTests" */ = {
			isa = XCConfigurationList;
			buildConfigurations = (
				8E00C7382D9F3E0000C5608E /* Debug */,
				8E00C7392D9F3E0000C5608E /* Release */,
			);
			defaultConfigurationIsVisible = 0;
			defaultConfigurationName = Release;
		};
		8E00C73A2D9F3E0000C5608E /* Build configuration list for PBXNativeTarget "ReFrameUUITests" */ = {
			isa = XCConfigurationList;
			buildConfigurations = (
				8E00C73B2D9F3E0000C5608E /* Debug */,
				8E00C73C2D9F3E0000C5608E /* Release */,
			);
			defaultConfigurationIsVisible = 0;
			defaultConfigurationName = Release;
		};
/* End XCConfigurationList section */
	};
	rootObject = 8E00C7082D9F3DFE00C5608E /* Project object */;
}
